// !$*UTF8*$!
{
	archiveVersion = 1;
	classes = {
	};
	objectVersion = 56;
	objects = {

/* Begin PBXBuildFile section */
		535304A2E68B3406BC7595D7 /* Pods_LastCrashSample.framework in Frameworks */ = {isa = PBXBuildFile; fileRef = 3E3D57DF44FD6DA619F52CD1 /* Pods_LastCrashSample.framework */; };
		6A4F654C2B4DDAC600735EE6 /* AppDelegate.swift in Sources */ = {isa = PBXBuildFile; fileRef = 6A4F654B2B4DDAC600735EE6 /* AppDelegate.swift */; };
		6A67ECE62B4D1473001C10F5 /* LastCrashSampleApp.swift in Sources */ = {isa = PBXBuildFile; fileRef = 6A67ECE52B4D1473001C10F5 /* LastCrashSampleApp.swift */; };
		6A67ECE82B4D1473001C10F5 /* ContentView.swift in Sources */ = {isa = PBXBuildFile; fileRef = 6A67ECE72B4D1473001C10F5 /* ContentView.swift */; };
		6A67ECEA2B4D1473001C10F5 /* Assets.xcassets in Resources */ = {isa = PBXBuildFile; fileRef = 6A67ECE92B4D1473001C10F5 /* Assets.xcassets */; };
		6A67ECED2B4D1473001C10F5 /* Preview Assets.xcassets in Resources */ = {isa = PBXBuildFile; fileRef = 6A67ECEC2B4D1473001C10F5 /* Preview Assets.xcassets */; };
		6AC7112F2D332CED00ECF040 /* Localizable.xcstrings in Resources */ = {isa = PBXBuildFile; fileRef = 6AC7112E2D332CED00ECF040 /* Localizable.xcstrings */; };
/* End PBXBuildFile section */

/* Begin PBXFileReference section */
		0C13C54E188C5A18113FA756 /* Pods-LastCrashSample.release.xcconfig */ = {isa = PBXFileReference; includeInIndex = 1; lastKnownFileType = text.xcconfig; name = "Pods-LastCrashSample.release.xcconfig"; path = "Target Support Files/Pods-LastCrashSample/Pods-LastCrashSample.release.xcconfig"; sourceTree = "<group>"; };
		3E3D57DF44FD6DA619F52CD1 /* Pods_LastCrashSample.framework */ = {isa = PBXFileReference; explicitFileType = wrapper.framework; includeInIndex = 0; path = Pods_LastCrashSample.framework; sourceTree = BUILT_PRODUCTS_DIR; };
		63858C2C222420660F3491EE /* Pods-LastCrashSample.debug.xcconfig */ = {isa = PBXFileReference; includeInIndex = 1; lastKnownFileType = text.xcconfig; name = "Pods-LastCrashSample.debug.xcconfig"; path = "Target Support Files/Pods-LastCrashSample/Pods-LastCrashSample.debug.xcconfig"; sourceTree = "<group>"; };
		6A4F654B2B4DDAC600735EE6 /* AppDelegate.swift */ = {isa = PBXFileReference; lastKnownFileType = sourcecode.swift; path = AppDelegate.swift; sourceTree = "<group>"; };
		6A67ECE22B4D1473001C10F5 /* LastCrashSample.app */ = {isa = PBXFileReference; explicitFileType = wrapper.application; includeInIndex = 0; path = LastCrashSample.app; sourceTree = BUILT_PRODUCTS_DIR; };
		6A67ECE52B4D1473001C10F5 /* LastCrashSampleApp.swift */ = {isa = PBXFileReference; lastKnownFileType = sourcecode.swift; path = LastCrashSampleApp.swift; sourceTree = "<group>"; };
		6A67ECE72B4D1473001C10F5 /* ContentView.swift */ = {isa = PBXFileReference; lastKnownFileType = sourcecode.swift; path = ContentView.swift; sourceTree = "<group>"; };
		6A67ECE92B4D1473001C10F5 /* Assets.xcassets */ = {isa = PBXFileReference; lastKnownFileType = folder.assetcatalog; path = Assets.xcassets; sourceTree = "<group>"; };
		6A67ECEC2B4D1473001C10F5 /* Preview Assets.xcassets */ = {isa = PBXFileReference; lastKnownFileType = folder.assetcatalog; path = "Preview Assets.xcassets"; sourceTree = "<group>"; };
		6AC7112E2D332CED00ECF040 /* Localizable.xcstrings */ = {isa = PBXFileReference; lastKnownFileType = text.json.xcstrings; path = Localizable.xcstrings; sourceTree = "<group>"; };
/* End PBXFileReference section */

/* Begin PBXFrameworksBuildPhase section */
		6A67ECDF2B4D1473001C10F5 /* Frameworks */ = {
			isa = PBXFrameworksBuildPhase;
			buildActionMask = 2147483647;
			files = (
				535304A2E68B3406BC7595D7 /* Pods_LastCrashSample.framework in Frameworks */,
			);
			runOnlyForDeploymentPostprocessing = 0;
		};
/* End PBXFrameworksBuildPhase section */

/* Begin PBXGroup section */
		6498959DC74892C9BC53547B /* Frameworks */ = {
			isa = PBXGroup;
			children = (
				3E3D57DF44FD6DA619F52CD1 /* Pods_LastCrashSample.framework */,
			);
			name = Frameworks;
			sourceTree = "<group>";
		};
		6A67ECD92B4D1473001C10F5 = {
			isa = PBXGroup;
			children = (
				6A67ECE42B4D1473001C10F5 /* LastCrashSample */,
				6A67ECE32B4D1473001C10F5 /* Products */,
				BE71AB9B6521CE16AF4AABE1 /* Pods */,
				6498959DC74892C9BC53547B /* Frameworks */,
			);
			sourceTree = "<group>";
		};
		6A67ECE32B4D1473001C10F5 /* Products */ = {
			isa = PBXGroup;
			children = (
				6A67ECE22B4D1473001C10F5 /* LastCrashSample.app */,
			);
			name = Products;
			sourceTree = "<group>";
		};
		6A67ECE42B4D1473001C10F5 /* LastCrashSample */ = {
			isa = PBXGroup;
			children = (
				6A67ECE52B4D1473001C10F5 /* LastCrashSampleApp.swift */,
				6A67ECE72B4D1473001C10F5 /* ContentView.swift */,
				6A67ECE92B4D1473001C10F5 /* Assets.xcassets */,
				6A67ECEB2B4D1473001C10F5 /* Preview Content */,
				6A4F654B2B4DDAC600735EE6 /* AppDelegate.swift */,
				6AC7112E2D332CED00ECF040 /* Localizable.xcstrings */,
			);
			path = LastCrashSample;
			sourceTree = "<group>";
		};
		6A67ECEB2B4D1473001C10F5 /* Preview Content */ = {
			isa = PBXGroup;
			children = (
				6A67ECEC2B4D1473001C10F5 /* Preview Assets.xcassets */,
			);
			path = "Preview Content";
			sourceTree = "<group>";
		};
		BE71AB9B6521CE16AF4AABE1 /* Pods */ = {
			isa = PBXGroup;
			children = (
				63858C2C222420660F3491EE /* Pods-LastCrashSample.debug.xcconfig */,
				0C13C54E188C5A18113FA756 /* Pods-LastCrashSample.release.xcconfig */,
			);
			path = Pods;
			sourceTree = "<group>";
		};
/* End PBXGroup section */

/* Begin PBXNativeTarget section */
		6A67ECE12B4D1473001C10F5 /* LastCrashSample */ = {
			isa = PBXNativeTarget;
			buildConfigurationList = 6A67ECF02B4D1473001C10F5 /* Build configuration list for PBXNativeTarget "LastCrashSample" */;
			buildPhases = (
				0F03C2FAAA54FBAC6E29FEE1 /* [CP] Check Pods Manifest.lock */,
				6A67ECDE2B4D1473001C10F5 /* Sources */,
				6A67ECDF2B4D1473001C10F5 /* Frameworks */,
				6A67ECE02B4D1473001C10F5 /* Resources */,
				80DEA5FE4A3D6C4A5DD275A7 /* [CP] Embed Pods Frameworks */,
				6A0707052C9613E300DD1C34 /* LastCrash */,
			);
			buildRules = (
			);
			dependencies = (
			);
			name = LastCrashSample;
			productName = LastCrashSample;
			productReference = 6A67ECE22B4D1473001C10F5 /* LastCrashSample.app */;
			productType = "com.apple.product-type.application";
		};
/* End PBXNativeTarget section */

/* Begin PBXProject section */
		6A67ECDA2B4D1473001C10F5 /* Project object */ = {
			isa = PBXProject;
			attributes = {
				BuildIndependentTargetsInParallel = 1;
				LastSwiftUpdateCheck = 1510;
				LastUpgradeCheck = 1510;
				TargetAttributes = {
					6A67ECE12B4D1473001C10F5 = {
						CreatedOnToolsVersion = 15.1;
					};
				};
			};
			buildConfigurationList = 6A67ECDD2B4D1473001C10F5 /* Build configuration list for PBXProject "LastCrashSample" */;
			compatibilityVersion = "Xcode 14.0";
			developmentRegion = en;
			hasScannedForEncodings = 0;
			knownRegions = (
				en,
				Base,
			);
			mainGroup = 6A67ECD92B4D1473001C10F5;
			productRefGroup = 6A67ECE32B4D1473001C10F5 /* Products */;
			projectDirPath = "";
			projectRoot = "";
			targets = (
				6A67ECE12B4D1473001C10F5 /* LastCrashSample */,
			);
		};
/* End PBXProject section */

/* Begin PBXResourcesBuildPhase section */
		6A67ECE02B4D1473001C10F5 /* Resources */ = {
			isa = PBXResourcesBuildPhase;
			buildActionMask = 2147483647;
			files = (
				6A67ECED2B4D1473001C10F5 /* Preview Assets.xcassets in Resources */,
				6A67ECEA2B4D1473001C10F5 /* Assets.xcassets in Resources */,
				6AC7112F2D332CED00ECF040 /* Localizable.xcstrings in Resources */,
			);
			runOnlyForDeploymentPostprocessing = 0;
		};
/* End PBXResourcesBuildPhase section */

/* Begin PBXShellScriptBuildPhase section */
		0F03C2FAAA54FBAC6E29FEE1 /* [CP] Check Pods Manifest.lock */ = {
			isa = PBXShellScriptBuildPhase;
			buildActionMask = 2147483647;
			files = (
			);
			inputFileListPaths = (
			);
			inputPaths = (
				"${PODS_PODFILE_DIR_PATH}/Podfile.lock",
				"${PODS_ROOT}/Manifest.lock",
			);
			name = "[CP] Check Pods Manifest.lock";
			outputFileListPaths = (
			);
			outputPaths = (
				"$(DERIVED_FILE_DIR)/Pods-LastCrashSample-checkManifestLockResult.txt",
			);
			runOnlyForDeploymentPostprocessing = 0;
			shellPath = /bin/sh;
			shellScript = "diff \"${PODS_PODFILE_DIR_PATH}/Podfile.lock\" \"${PODS_ROOT}/Manifest.lock\" > /dev/null\nif [ $? != 0 ] ; then\n    # print error to STDERR\n    echo \"error: The sandbox is not in sync with the Podfile.lock. Run 'pod install' or update your CocoaPods installation.\" >&2\n    exit 1\nfi\n# This output is used by Xcode 'outputs' to avoid re-running this script phase.\necho \"SUCCESS\" > \"${SCRIPT_OUTPUT_FILE_0}\"\n";
			showEnvVarsInLog = 0;
		};
		6A0707052C9613E300DD1C34 /* LastCrash */ = {
			isa = PBXShellScriptBuildPhase;
			buildActionMask = 2147483647;
			files = (
			);
			inputFileListPaths = (
			);
			inputPaths = (
				"${DWARF_DSYM_FOLDER_PATH}/${DWARF_DSYM_FILE_NAME}",
				"${DWARF_DSYM_FOLDER_PATH}/${DWARF_DSYM_FILE_NAME}/Contents/Resources/DWARF/${PRODUCT_NAME}",
				"${DWARF_DSYM_FOLDER_PATH}/${DWARF_DSYM_FILE_NAME}/Contents/Info.plist",
				"$PROJECT_DIR/Pods/LastCrash/LastCrash.xcframework/lastcrash-run",
			);
			name = LastCrash;
			outputFileListPaths = (
			);
			outputPaths = (
			);
			runOnlyForDeploymentPostprocessing = 0;
			shellPath = /bin/sh;
			shellScript = "$PROJECT_DIR/Pods/LastCrash/LastCrash.xcframework/lastcrash-run 8c1ebdd74fd64190b41ddd93e8e3ec48\n";
		};
		80DEA5FE4A3D6C4A5DD275A7 /* [CP] Embed Pods Frameworks */ = {
			isa = PBXShellScriptBuildPhase;
			buildActionMask = 2147483647;
			files = (
			);
			inputFileListPaths = (
				"${PODS_ROOT}/Target Support Files/Pods-LastCrashSample/Pods-LastCrashSample-frameworks-${CONFIGURATION}-input-files.xcfilelist",
			);
			name = "[CP] Embed Pods Frameworks";
			outputFileListPaths = (
				"${PODS_ROOT}/Target Support Files/Pods-LastCrashSample/Pods-LastCrashSample-frameworks-${CONFIGURATION}-output-files.xcfilelist",
			);
			runOnlyForDeploymentPostprocessing = 0;
			shellPath = /bin/sh;
			shellScript = "\"${PODS_ROOT}/Target Support Files/Pods-LastCrashSample/Pods-LastCrashSample-frameworks.sh\"\n";
			showEnvVarsInLog = 0;
		};
/* End PBXShellScriptBuildPhase section */

/* Begin PBXSourcesBuildPhase section */
		6A67ECDE2B4D1473001C10F5 /* Sources */ = {
			isa = PBXSourcesBuildPhase;
			buildActionMask = 2147483647;
			files = (
				6A4F654C2B4DDAC600735EE6 /* AppDelegate.swift in Sources */,
				6A67ECE82B4D1473001C10F5 /* ContentView.swift in Sources */,
				6A67ECE62B4D1473001C10F5 /* LastCrashSampleApp.swift in Sources */,
			);
			runOnlyForDeploymentPostprocessing = 0;
		};
/* End PBXSourcesBuildPhase section */

/* Begin XCBuildConfiguration section */
		6A67ECEE2B4D1473001C10F5 /* Debug */ = {
			isa = XCBuildConfiguration;
			buildSettings = {
				ALWAYS_SEARCH_USER_PATHS = NO;
				ASSETCATALOG_COMPILER_GENERATE_SWIFT_ASSET_SYMBOL_EXTENSIONS = YES;
				CLANG_ANALYZER_NONNULL = YES;
				CLANG_ANALYZER_NUMBER_OBJECT_CONVERSION = YES_AGGRESSIVE;
				CLANG_CXX_LANGUAGE_STANDARD = "gnu++20";
				CLANG_ENABLE_MODULES = YES;
				CLANG_ENABLE_OBJC_ARC = YES;
				CLANG_ENABLE_OBJC_WEAK = YES;
				CLANG_WARN_BLOCK_CAPTURE_AUTORELEASING = YES;
				CLANG_WARN_BOOL_CONVERSION = YES;
				CLANG_WARN_COMMA = YES;
				CLANG_WARN_CONSTANT_CONVERSION = YES;
				CLANG_WARN_DEPRECATED_OBJC_IMPLEMENTATIONS = YES;
				CLANG_WARN_DIRECT_OBJC_ISA_USAGE = YES_ERROR;
				CLANG_WARN_DOCUMENTATION_COMMENTS = YES;
				CLANG_WARN_EMPTY_BODY = YES;
				CLANG_WARN_ENUM_CONVERSION = YES;
				CLANG_WARN_INFINITE_RECURSION = YES;
				CLANG_WARN_INT_CONVERSION = YES;
				CLANG_WARN_NON_LITERAL_NULL_CONVERSION = YES;
				CLANG_WARN_OBJC_IMPLICIT_RETAIN_SELF = YES;
				CLANG_WARN_OBJC_LITERAL_CONVERSION = YES;
				CLANG_WARN_OBJC_ROOT_CLASS = YES_ERROR;
				CLANG_WARN_QUOTED_INCLUDE_IN_FRAMEWORK_HEADER = YES;
				CLANG_WARN_RANGE_LOOP_ANALYSIS = YES;
				CLANG_WARN_STRICT_PROTOTYPES = YES;
				CLANG_WARN_SUSPICIOUS_MOVE = YES;
				CLANG_WARN_UNGUARDED_AVAILABILITY = YES_AGGRESSIVE;
				CLANG_WARN_UNREACHABLE_CODE = YES;
				CLANG_WARN__DUPLICATE_METHOD_MATCH = YES;
				COPY_PHASE_STRIP = NO;
				DEBUG_INFORMATION_FORMAT = dwarf;
				ENABLE_STRICT_OBJC_MSGSEND = YES;
				ENABLE_TESTABILITY = YES;
				ENABLE_USER_SCRIPT_SANDBOXING = YES;
				GCC_C_LANGUAGE_STANDARD = gnu17;
				GCC_DYNAMIC_NO_PIC = NO;
				GCC_NO_COMMON_BLOCKS = YES;
				GCC_OPTIMIZATION_LEVEL = 0;
				GCC_PREPROCESSOR_DEFINITIONS = (
					"DEBUG=1",
					"$(inherited)",
				);
				GCC_WARN_64_TO_32_BIT_CONVERSION = YES;
				GCC_WARN_ABOUT_RETURN_TYPE = YES_ERROR;
				GCC_WARN_UNDECLARED_SELECTOR = YES;
				GCC_WARN_UNINITIALIZED_AUTOS = YES_AGGRESSIVE;
				GCC_WARN_UNUSED_FUNCTION = YES;
				GCC_WARN_UNUSED_VARIABLE = YES;
				IPHONEOS_DEPLOYMENT_TARGET = 17.2;
				LOCALIZATION_PREFERS_STRING_CATALOGS = YES;
				MTL_ENABLE_DEBUG_INFO = INCLUDE_SOURCE;
				MTL_FAST_MATH = YES;
				ONLY_ACTIVE_ARCH = YES;
				SDKROOT = iphoneos;
				SWIFT_ACTIVE_COMPILATION_CONDITIONS = "DEBUG $(inherited)";
				SWIFT_EMIT_LOC_STRINGS = YES;
				SWIFT_OPTIMIZATION_LEVEL = "-Onone";
			};
			name = Debug;
		};
		6A67ECEF2B4D1473001C10F5 /* Release */ = {
			isa = XCBuildConfiguration;
			buildSettings = {
				ALWAYS_SEARCH_USER_PATHS = NO;
				ASSETCATALOG_COMPILER_GENERATE_SWIFT_ASSET_SYMBOL_EXTENSIONS = YES;
				CLANG_ANALYZER_NONNULL = YES;
				CLANG_ANALYZER_NUMBER_OBJECT_CONVERSION = YES_AGGRESSIVE;
				CLANG_CXX_LANGUAGE_STANDARD = "gnu++20";
				CLANG_ENABLE_MODULES = YES;
				CLANG_ENABLE_OBJC_ARC = YES;
				CLANG_ENABLE_OBJC_WEAK = YES;
				CLANG_WARN_BLOCK_CAPTURE_AUTORELEASING = YES;
				CLANG_WARN_BOOL_CONVERSION = YES;
				CLANG_WARN_COMMA = YES;
				CLANG_WARN_CONSTANT_CONVERSION = YES;
				CLANG_WARN_DEPRECATED_OBJC_IMPLEMENTATIONS = YES;
				CLANG_WARN_DIRECT_OBJC_ISA_USAGE = YES_ERROR;
				CLANG_WARN_DOCUMENTATION_COMMENTS = YES;
				CLANG_WARN_EMPTY_BODY = YES;
				CLANG_WARN_ENUM_CONVERSION = YES;
				CLANG_WARN_INFINITE_RECURSION = YES;
				CLANG_WARN_INT_CONVERSION = YES;
				CLANG_WARN_NON_LITERAL_NULL_CONVERSION = YES;
				CLANG_WARN_OBJC_IMPLICIT_RETAIN_SELF = YES;
				CLANG_WARN_OBJC_LITERAL_CONVERSION = YES;
				CLANG_WARN_OBJC_ROOT_CLASS = YES_ERROR;
				CLANG_WARN_QUOTED_INCLUDE_IN_FRAMEWORK_HEADER = YES;
				CLANG_WARN_RANGE_LOOP_ANALYSIS = YES;
				CLANG_WARN_STRICT_PROTOTYPES = YES;
				CLANG_WARN_SUSPICIOUS_MOVE = YES;
				CLANG_WARN_UNGUARDED_AVAILABILITY = YES_AGGRESSIVE;
				CLANG_WARN_UNREACHABLE_CODE = YES;
				CLANG_WARN__DUPLICATE_METHOD_MATCH = YES;
				COPY_PHASE_STRIP = NO;
				DEBUG_INFORMATION_FORMAT = "dwarf-with-dsym";
				ENABLE_NS_ASSERTIONS = NO;
				ENABLE_STRICT_OBJC_MSGSEND = YES;
				ENABLE_USER_SCRIPT_SANDBOXING = YES;
				GCC_C_LANGUAGE_STANDARD = gnu17;
				GCC_NO_COMMON_BLOCKS = YES;
				GCC_WARN_64_TO_32_BIT_CONVERSION = YES;
				GCC_WARN_ABOUT_RETURN_TYPE = YES_ERROR;
				GCC_WARN_UNDECLARED_SELECTOR = YES;
				GCC_WARN_UNINITIALIZED_AUTOS = YES_AGGRESSIVE;
				GCC_WARN_UNUSED_FUNCTION = YES;
				GCC_WARN_UNUSED_VARIABLE = YES;
				IPHONEOS_DEPLOYMENT_TARGET = 17.2;
				LOCALIZATION_PREFERS_STRING_CATALOGS = YES;
				MTL_ENABLE_DEBUG_INFO = NO;
				MTL_FAST_MATH = YES;
				SDKROOT = iphoneos;
				SWIFT_COMPILATION_MODE = wholemodule;
				SWIFT_EMIT_LOC_STRINGS = YES;
				VALIDATE_PRODUCT = YES;
			};
			name = Release;
		};
		6A67ECF12B4D1473001C10F5 /* Debug */ = {
			isa = XCBuildConfiguration;
			baseConfigurationReference = 63858C2C222420660F3491EE /* Pods-LastCrashSample.debug.xcconfig */;
			buildSettings = {
				ASSETCATALOG_COMPILER_APPICON_NAME = AppIcon;
				ASSETCATALOG_COMPILER_GLOBAL_ACCENT_COLOR_NAME = AccentColor;
				CODE_SIGN_STYLE = Automatic;
				CURRENT_PROJECT_VERSION = 1;
				DEVELOPMENT_ASSET_PATHS = "\"LastCrashSample/Preview Content\"";
				DEVELOPMENT_TEAM = SDF2D9XEB3;
				ENABLE_PREVIEWS = YES;
				ENABLE_USER_SCRIPT_SANDBOXING = NO;
				GENERATE_INFOPLIST_FILE = YES;
				INFOPLIST_KEY_UIApplicationSceneManifest_Generation = YES;
				INFOPLIST_KEY_UIApplicationSupportsIndirectInputEvents = YES;
				INFOPLIST_KEY_UILaunchScreen_Generation = YES;
				INFOPLIST_KEY_UISupportedInterfaceOrientations_iPad = "UIInterfaceOrientationPortrait UIInterfaceOrientationPortraitUpsideDown UIInterfaceOrientationLandscapeLeft UIInterfaceOrientationLandscapeRight";
				INFOPLIST_KEY_UISupportedInterfaceOrientations_iPhone = "UIInterfaceOrientationPortrait UIInterfaceOrientationLandscapeLeft UIInterfaceOrientationLandscapeRight";
				LD_RUNPATH_SEARCH_PATHS = (
					"$(inherited)",
					"@executable_path/Frameworks",
				);
				MARKETING_VERSION = 1.0;
				PRODUCT_BUNDLE_IDENTIFIER = io.lastcrash.LastCrashSample;
				PRODUCT_NAME = "$(TARGET_NAME)";
				SWIFT_EMIT_LOC_STRINGS = YES;
				SWIFT_VERSION = 5.0;
				TARGETED_DEVICE_FAMILY = "1,2";
			};
			name = Debug;
		};
		6A67ECF22B4D1473001C10F5 /* Release */ = {
			isa = XCBuildConfiguration;
			baseConfigurationReference = 0C13C54E188C5A18113FA756 /* Pods-LastCrashSample.release.xcconfig */;
			buildSettings = {
				ASSETCATALOG_COMPILER_APPICON_NAME = AppIcon;
				ASSETCATALOG_COMPILER_GLOBAL_ACCENT_COLOR_NAME = AccentColor;
				CODE_SIGN_STYLE = Automatic;
				CURRENT_PROJECT_VERSION = 1;
				DEVELOPMENT_ASSET_PATHS = "\"LastCrashSample/Preview Content\"";
				DEVELOPMENT_TEAM = SDF2D9XEB3;
				ENABLE_PREVIEWS = YES;
				ENABLE_USER_SCRIPT_SANDBOXING = NO;
				GENERATE_INFOPLIST_FILE = YES;
				INFOPLIST_KEY_UIApplicationSceneManifest_Generation = YES;
				INFOPLIST_KEY_UIApplicationSupportsIndirectInputEvents = YES;
				INFOPLIST_KEY_UILaunchScreen_Generation = YES;
				INFOPLIST_KEY_UISupportedInterfaceOrientations_iPad = "UIInterfaceOrientationPortrait UIInterfaceOrientationPortraitUpsideDown UIInterfaceOrientationLandscapeLeft UIInterfaceOrientationLandscapeRight";
				INFOPLIST_KEY_UISupportedInterfaceOrientations_iPhone = "UIInterfaceOrientationPortrait UIInterfaceOrientationLandscapeLeft UIInterfaceOrientationLandscapeRight";
				LD_RUNPATH_SEARCH_PATHS = (
					"$(inherited)",
					"@executable_path/Frameworks",
				);
				MARKETING_VERSION = 1.0;
				PRODUCT_BUNDLE_IDENTIFIER = io.lastcrash.LastCrashSample;
				PRODUCT_NAME = "$(TARGET_NAME)";
				SWIFT_EMIT_LOC_STRINGS = YES;
				SWIFT_VERSION = 5.0;
				TARGETED_DEVICE_FAMILY = "1,2";
			};
			name = Release;
		};
/* End XCBuildConfiguration section */

/* Begin XCConfigurationList section */
		6A67ECDD2B4D1473001C10F5 /* Build configuration list for PBXProject "LastCrashSample" */ = {
			isa = XCConfigurationList;
			buildConfigurations = (
				6A67ECEE2B4D1473001C10F5 /* Debug */,
				6A67ECEF2B4D1473001C10F5 /* Release */,
			);
			defaultConfigurationIsVisible = 0;
			defaultConfigurationName = Release;
		};
		6A67ECF02B4D1473001C10F5 /* Build configuration list for PBXNativeTarget "LastCrashSample" */ = {
			isa = XCConfigurationList;
			buildConfigurations = (
				6A67ECF12B4D1473001C10F5 /* Debug */,
				6A67ECF22B4D1473001C10F5 /* Release */,
			);
			defaultConfigurationIsVisible = 0;
			defaultConfigurationName = Release;
		};
/* End XCConfigurationList section */
	};
	rootObject = 6A67ECDA2B4D1473001C10F5 /* Project object */;
}
